
Microsoft Visual Studio Solution File, Format Version 12.00
# Visual Studio Version 17
VisualStudioVersion = 17.0.31903.59
MinimumVisualStudioVersion = 10.0.40219.1
Project("{FAE04EC0-301F-11D3-BF4B-00C04F79EFBC}") = "CreateDayProjects", "CreateDayProjects\CreateDayProjects.csproj", "{8C432C90-F1E8-4708-9651-606AE7F1AB1A}"
EndProject
Project("{FAE04EC0-301F-11D3-BF4B-00C04F79EFBC}") = "Day1", "Day1\Day1.csproj", "{5E3BB36C-0FF1-49DE-867E-F09CD57182F8}"
EndProject
Project("{FAE04EC0-301F-11D3-BF4B-00C04F79EFBC}") = "Day2", "Day2\Day2.csproj", "{EB299581-CB77-4E38-8867-21C2F1A330DD}"
EndProject
Project("{FAE04EC0-301F-11D3-BF4B-00C04F79EFBC}") = "Day3", "Day3\Day3.csproj", "{165638A5-5A11-4082-96B7-C228A4329157}"
EndProject
Project("{FAE04EC0-301F-11D3-BF4B-00C04F79EFBC}") = "Day4", "Day4\Day4.csproj", "{EB6E48FC-7CE9-47AF-99BF-06F858BAB0FC}"
EndProject
Project("{FAE04EC0-301F-11D3-BF4B-00C04F79EFBC}") = "Day5", "Day5\Day5.csproj", "{A2F3872B-F38C-424B-8C46-C7E7261459D6}"
EndProject
Project("{FAE04EC0-301F-11D3-BF4B-00C04F79EFBC}") = "Day6", "Day6\Day6.csproj", "{32FAE18E-3CB6-4C62-BF01-6052576DE232}"
EndProject
Project("{FAE04EC0-301F-11D3-BF4B-00C04F79EFBC}") = "Day7", "Day7\Day7.csproj", "{E161DBFF-11A7-4E0B-870A-1B63DE5CDBED}"
EndProject
Project("{FAE04EC0-301F-11D3-BF4B-00C04F79EFBC}") = "Day8", "Day8\Day8.csproj", "{32917C68-D98A-465E-9FBB-5A436B7F4A44}"
EndProject
Project("{FAE04EC0-301F-11D3-BF4B-00C04F79EFBC}") = "Day9", "Day9\Day9.csproj", "{22345196-17E9-42E5-87FA-C583D14520EB}"
EndProject
Project("{FAE04EC0-301F-11D3-BF4B-00C04F79EFBC}") = "Day10", "Day10\Day10.csproj", "{7F993E60-30ED-4BD4-AA09-9C5480C79F87}"
EndProject
Project("{FAE04EC0-301F-11D3-BF4B-00C04F79EFBC}") = "Day11", "Day11\Day11.csproj", "{AE69FB4D-9389-4C99-BCA2-57AFCC5FC8D8}"
EndProject
Project("{FAE04EC0-301F-11D3-BF4B-00C04F79EFBC}") = "Day12", "Day12\Day12.csproj", "{D35E5DF2-8684-4D9C-AFF8-2C09C2240BCE}"
EndProject
Project("{FAE04EC0-301F-11D3-BF4B-00C04F79EFBC}") = "Day13", "Day13\Day13.csproj", "{8DD93B7F-C72C-466F-A9BD-647C69A90E25}"
EndProject
Project("{FAE04EC0-301F-11D3-BF4B-00C04F79EFBC}") = "Day14", "Day14\Day14.csproj", "{94A1B6FC-05F3-4D99-8946-73C70FE3C4B9}"
EndProject
Project("{FAE04EC0-301F-11D3-BF4B-00C04F79EFBC}") = "Day15", "Day15\Day15.csproj", "{69CF90A1-B487-480F-B037-AD50F1582693}"
EndProject
Project("{FAE04EC0-301F-11D3-BF4B-00C04F79EFBC}") = "Day16", "Day16\Day16.csproj", "{53AC5891-A2C6-4750-B6B9-6C2D6EC10054}"
EndProject
Project("{FAE04EC0-301F-11D3-BF4B-00C04F79EFBC}") = "Day17", "Day17\Day17.csproj", "{7330AFBB-17EE-4401-8B7D-EDCBCC8C4490}"
EndProject
Project("{FAE04EC0-301F-11D3-BF4B-00C04F79EFBC}") = "Day18", "Day18\Day18.csproj", "{74ADC6D4-1EE7-4765-BEC4-FD71658DB87A}"
EndProject
Project("{FAE04EC0-301F-11D3-BF4B-00C04F79EFBC}") = "Day19", "Day19\Day19.csproj", "{BE37DFD9-F5FD-49C4-9557-B8F3B9789145}"
EndProject
Project("{FAE04EC0-301F-11D3-BF4B-00C04F79EFBC}") = "Day20", "Day20\Day20.csproj", "{CE4C4991-68BB-4379-934D-40D9E4A1D457}"
EndProject
Project("{FAE04EC0-301F-11D3-BF4B-00C04F79EFBC}") = "Day21", "Day21\Day21.csproj", "{9F50F55D-8C72-4C9A-8072-D8E8734D5335}"
EndProject
Project("{FAE04EC0-301F-11D3-BF4B-00C04F79EFBC}") = "Day22", "Day22\Day22.csproj", "{8E168902-E955-4616-AA78-5D131E5950BE}"
EndProject
Project("{FAE04EC0-301F-11D3-BF4B-00C04F79EFBC}") = "Day23", "Day23\Day23.csproj", "{D3E62124-03E7-484F-A7AF-205CCD566D01}"
EndProject
Project("{FAE04EC0-301F-11D3-BF4B-00C04F79EFBC}") = "Day24", "Day24\Day24.csproj", "{9A08BC1A-BD52-49B8-8074-A6E8F3B82CD3}"
EndProject
Global
	GlobalSection(SolutionConfigurationPlatforms) = preSolution
		Debug|Any CPU = Debug|Any CPU
		Release|Any CPU = Release|Any CPU
	EndGlobalSection
	GlobalSection(SolutionProperties) = preSolution
		HideSolutionNode = FALSE
	EndGlobalSection
	GlobalSection(ProjectConfigurationPlatforms) = postSolution
		{8C432C90-F1E8-4708-9651-606AE7F1AB1A}.Debug|Any CPU.ActiveCfg = Debug|Any CPU
		{8C432C90-F1E8-4708-9651-606AE7F1AB1A}.Debug|Any CPU.Build.0 = Debug|Any CPU
		{8C432C90-F1E8-4708-9651-606AE7F1AB1A}.Release|Any CPU.ActiveCfg = Release|Any CPU
		{8C432C90-F1E8-4708-9651-606AE7F1AB1A}.Release|Any CPU.Build.0 = Release|Any CPU
		{F800E679-C812-43C2-83B9-F49847600E5B}.Debug|Any CPU.ActiveCfg = Debug|Any CPU
		{F800E679-C812-43C2-83B9-F49847600E5B}.Debug|Any CPU.Build.0 = Debug|Any CPU
		{F800E679-C812-43C2-83B9-F49847600E5B}.Release|Any CPU.ActiveCfg = Release|Any CPU
		{F800E679-C812-43C2-83B9-F49847600E5B}.Release|Any CPU.Build.0 = Release|Any CPU
		{3D0C64A1-D0AF-4AFF-A530-C2370A2247F1}.Debug|Any CPU.ActiveCfg = Debug|Any CPU
		{3D0C64A1-D0AF-4AFF-A530-C2370A2247F1}.Debug|Any CPU.Build.0 = Debug|Any CPU
		{3D0C64A1-D0AF-4AFF-A530-C2370A2247F1}.Release|Any CPU.ActiveCfg = Release|Any CPU
		{3D0C64A1-D0AF-4AFF-A530-C2370A2247F1}.Release|Any CPU.Build.0 = Release|Any CPU
		{D5E6F2CF-C055-4016-AC04-A5DD30F67E5E}.Debug|Any CPU.ActiveCfg = Debug|Any CPU
		{D5E6F2CF-C055-4016-AC04-A5DD30F67E5E}.Debug|Any CPU.Build.0 = Debug|Any CPU
		{D5E6F2CF-C055-4016-AC04-A5DD30F67E5E}.Release|Any CPU.ActiveCfg = Release|Any CPU
		{D5E6F2CF-C055-4016-AC04-A5DD30F67E5E}.Release|Any CPU.Build.0 = Release|Any CPU
		{9E663438-49DD-46D8-BB47-E230EA74B43D}.Debug|Any CPU.ActiveCfg = Debug|Any CPU
		{9E663438-49DD-46D8-BB47-E230EA74B43D}.Debug|Any CPU.Build.0 = Debug|Any CPU
		{9E663438-49DD-46D8-BB47-E230EA74B43D}.Release|Any CPU.ActiveCfg = Release|Any CPU
		{9E663438-49DD-46D8-BB47-E230EA74B43D}.Release|Any CPU.Build.0 = Release|Any CPU
		{8E8E3CAA-DF3A-44E8-B49B-568B0050EFE6}.Debug|Any CPU.ActiveCfg = Debug|Any CPU
		{8E8E3CAA-DF3A-44E8-B49B-568B0050EFE6}.Debug|Any CPU.Build.0 = Debug|Any CPU
		{8E8E3CAA-DF3A-44E8-B49B-568B0050EFE6}.Release|Any CPU.ActiveCfg = Release|Any CPU
		{8E8E3CAA-DF3A-44E8-B49B-568B0050EFE6}.Release|Any CPU.Build.0 = Release|Any CPU
		{46F54112-99C4-4524-89E3-C5C0456CED0C}.Debug|Any CPU.ActiveCfg = Debug|Any CPU
		{46F54112-99C4-4524-89E3-C5C0456CED0C}.Debug|Any CPU.Build.0 = Debug|Any CPU
		{46F54112-99C4-4524-89E3-C5C0456CED0C}.Release|Any CPU.ActiveCfg = Release|Any CPU
		{46F54112-99C4-4524-89E3-C5C0456CED0C}.Release|Any CPU.Build.0 = Release|Any CPU
		{68E370DA-A38B-4D57-9BDA-8AC15C127065}.Debug|Any CPU.ActiveCfg = Debug|Any CPU
		{68E370DA-A38B-4D57-9BDA-8AC15C127065}.Debug|Any CPU.Build.0 = Debug|Any CPU
		{68E370DA-A38B-4D57-9BDA-8AC15C127065}.Release|Any CPU.ActiveCfg = Release|Any CPU
		{68E370DA-A38B-4D57-9BDA-8AC15C127065}.Release|Any CPU.Build.0 = Release|Any CPU
		{5E3BB36C-0FF1-49DE-867E-F09CD57182F8}.Debug|Any CPU.ActiveCfg = Debug|Any CPU
		{5E3BB36C-0FF1-49DE-867E-F09CD57182F8}.Debug|Any CPU.Build.0 = Debug|Any CPU
		{5E3BB36C-0FF1-49DE-867E-F09CD57182F8}.Release|Any CPU.ActiveCfg = Release|Any CPU
		{5E3BB36C-0FF1-49DE-867E-F09CD57182F8}.Release|Any CPU.Build.0 = Release|Any CPU
		{EB299581-CB77-4E38-8867-21C2F1A330DD}.Debug|Any CPU.ActiveCfg = Debug|Any CPU
		{EB299581-CB77-4E38-8867-21C2F1A330DD}.Debug|Any CPU.Build.0 = Debug|Any CPU
		{EB299581-CB77-4E38-8867-21C2F1A330DD}.Release|Any CPU.ActiveCfg = Release|Any CPU
		{EB299581-CB77-4E38-8867-21C2F1A330DD}.Release|Any CPU.Build.0 = Release|Any CPU
		{165638A5-5A11-4082-96B7-C228A4329157}.Debug|Any CPU.ActiveCfg = Debug|Any CPU
		{165638A5-5A11-4082-96B7-C228A4329157}.Debug|Any CPU.Build.0 = Debug|Any CPU
		{165638A5-5A11-4082-96B7-C228A4329157}.Release|Any CPU.ActiveCfg = Release|Any CPU
		{165638A5-5A11-4082-96B7-C228A4329157}.Release|Any CPU.Build.0 = Release|Any CPU
		{EB6E48FC-7CE9-47AF-99BF-06F858BAB0FC}.Debug|Any CPU.ActiveCfg = Debug|Any CPU
		{EB6E48FC-7CE9-47AF-99BF-06F858BAB0FC}.Debug|Any CPU.Build.0 = Debug|Any CPU
		{EB6E48FC-7CE9-47AF-99BF-06F858BAB0FC}.Release|Any CPU.ActiveCfg = Release|Any CPU
		{EB6E48FC-7CE9-47AF-99BF-06F858BAB0FC}.Release|Any CPU.Build.0 = Release|Any CPU
		{A2F3872B-F38C-424B-8C46-C7E7261459D6}.Debug|Any CPU.ActiveCfg = Debug|Any CPU
		{A2F3872B-F38C-424B-8C46-C7E7261459D6}.Debug|Any CPU.Build.0 = Debug|Any CPU
		{A2F3872B-F38C-424B-8C46-C7E7261459D6}.Release|Any CPU.ActiveCfg = Release|Any CPU
		{A2F3872B-F38C-424B-8C46-C7E7261459D6}.Release|Any CPU.Build.0 = Release|Any CPU
		{32FAE18E-3CB6-4C62-BF01-6052576DE232}.Debug|Any CPU.ActiveCfg = Debug|Any CPU
		{32FAE18E-3CB6-4C62-BF01-6052576DE232}.Debug|Any CPU.Build.0 = Debug|Any CPU
		{32FAE18E-3CB6-4C62-BF01-6052576DE232}.Release|Any CPU.ActiveCfg = Release|Any CPU
		{32FAE18E-3CB6-4C62-BF01-6052576DE232}.Release|Any CPU.Build.0 = Release|Any CPU
		{E161DBFF-11A7-4E0B-870A-1B63DE5CDBED}.Debug|Any CPU.ActiveCfg = Debug|Any CPU
		{E161DBFF-11A7-4E0B-870A-1B63DE5CDBED}.Debug|Any CPU.Build.0 = Debug|Any CPU
		{E161DBFF-11A7-4E0B-870A-1B63DE5CDBED}.Release|Any CPU.ActiveCfg = Release|Any CPU
		{E161DBFF-11A7-4E0B-870A-1B63DE5CDBED}.Release|Any CPU.Build.0 = Release|Any CPU
		{32917C68-D98A-465E-9FBB-5A436B7F4A44}.Debug|Any CPU.ActiveCfg = Debug|Any CPU
		{32917C68-D98A-465E-9FBB-5A436B7F4A44}.Debug|Any CPU.Build.0 = Debug|Any CPU
		{32917C68-D98A-465E-9FBB-5A436B7F4A44}.Release|Any CPU.ActiveCfg = Release|Any CPU
		{32917C68-D98A-465E-9FBB-5A436B7F4A44}.Release|Any CPU.Build.0 = Release|Any CPU
		{22345196-17E9-42E5-87FA-C583D14520EB}.Debug|Any CPU.ActiveCfg = Debug|Any CPU
		{22345196-17E9-42E5-87FA-C583D14520EB}.Debug|Any CPU.Build.0 = Debug|Any CPU
		{22345196-17E9-42E5-87FA-C583D14520EB}.Release|Any CPU.ActiveCfg = Release|Any CPU
		{22345196-17E9-42E5-87FA-C583D14520EB}.Release|Any CPU.Build.0 = Release|Any CPU
		{7F993E60-30ED-4BD4-AA09-9C5480C79F87}.Debug|Any CPU.ActiveCfg = Debug|Any CPU
		{7F993E60-30ED-4BD4-AA09-9C5480C79F87}.Debug|Any CPU.Build.0 = Debug|Any CPU
		{7F993E60-30ED-4BD4-AA09-9C5480C79F87}.Release|Any CPU.ActiveCfg = Release|Any CPU
		{7F993E60-30ED-4BD4-AA09-9C5480C79F87}.Release|Any CPU.Build.0 = Release|Any CPU
		{AE69FB4D-9389-4C99-BCA2-57AFCC5FC8D8}.Debug|Any CPU.ActiveCfg = Debug|Any CPU
		{AE69FB4D-9389-4C99-BCA2-57AFCC5FC8D8}.Debug|Any CPU.Build.0 = Debug|Any CPU
		{AE69FB4D-9389-4C99-BCA2-57AFCC5FC8D8}.Release|Any CPU.ActiveCfg = Release|Any CPU
		{AE69FB4D-9389-4C99-BCA2-57AFCC5FC8D8}.Release|Any CPU.Build.0 = Release|Any CPU
		{D35E5DF2-8684-4D9C-AFF8-2C09C2240BCE}.Debug|Any CPU.ActiveCfg = Debug|Any CPU
		{D35E5DF2-8684-4D9C-AFF8-2C09C2240BCE}.Debug|Any CPU.Build.0 = Debug|Any CPU
		{D35E5DF2-8684-4D9C-AFF8-2C09C2240BCE}.Release|Any CPU.ActiveCfg = Release|Any CPU
		{D35E5DF2-8684-4D9C-AFF8-2C09C2240BCE}.Release|Any CPU.Build.0 = Release|Any CPU
		{8DD93B7F-C72C-466F-A9BD-647C69A90E25}.Debug|Any CPU.ActiveCfg = Debug|Any CPU
		{8DD93B7F-C72C-466F-A9BD-647C69A90E25}.Debug|Any CPU.Build.0 = Debug|Any CPU
		{8DD93B7F-C72C-466F-A9BD-647C69A90E25}.Release|Any CPU.ActiveCfg = Release|Any CPU
		{8DD93B7F-C72C-466F-A9BD-647C69A90E25}.Release|Any CPU.Build.0 = Release|Any CPU
		{94A1B6FC-05F3-4D99-8946-73C70FE3C4B9}.Debug|Any CPU.ActiveCfg = Debug|Any CPU
		{94A1B6FC-05F3-4D99-8946-73C70FE3C4B9}.Debug|Any CPU.Build.0 = Debug|Any CPU
		{94A1B6FC-05F3-4D99-8946-73C70FE3C4B9}.Release|Any CPU.ActiveCfg = Release|Any CPU
		{94A1B6FC-05F3-4D99-8946-73C70FE3C4B9}.Release|Any CPU.Build.0 = Release|Any CPU
		{69CF90A1-B487-480F-B037-AD50F1582693}.Debug|Any CPU.ActiveCfg = Debug|Any CPU
		{69CF90A1-B487-480F-B037-AD50F1582693}.Debug|Any CPU.Build.0 = Debug|Any CPU
		{69CF90A1-B487-480F-B037-AD50F1582693}.Release|Any CPU.ActiveCfg = Release|Any CPU
		{69CF90A1-B487-480F-B037-AD50F1582693}.Release|Any CPU.Build.0 = Release|Any CPU
		{53AC5891-A2C6-4750-B6B9-6C2D6EC10054}.Debug|Any CPU.ActiveCfg = Debug|Any CPU
		{53AC5891-A2C6-4750-B6B9-6C2D6EC10054}.Debug|Any CPU.Build.0 = Debug|Any CPU
		{53AC5891-A2C6-4750-B6B9-6C2D6EC10054}.Release|Any CPU.ActiveCfg = Release|Any CPU
		{53AC5891-A2C6-4750-B6B9-6C2D6EC10054}.Release|Any CPU.Build.0 = Release|Any CPU
		{7330AFBB-17EE-4401-8B7D-EDCBCC8C4490}.Debug|Any CPU.ActiveCfg = Debug|Any CPU
		{7330AFBB-17EE-4401-8B7D-EDCBCC8C4490}.Debug|Any CPU.Build.0 = Debug|Any CPU
		{7330AFBB-17EE-4401-8B7D-EDCBCC8C4490}.Release|Any CPU.ActiveCfg = Release|Any CPU
		{7330AFBB-17EE-4401-8B7D-EDCBCC8C4490}.Release|Any CPU.Build.0 = Release|Any CPU
		{74ADC6D4-1EE7-4765-BEC4-FD71658DB87A}.Debug|Any CPU.ActiveCfg = Debug|Any CPU
		{74ADC6D4-1EE7-4765-BEC4-FD71658DB87A}.Debug|Any CPU.Build.0 = Debug|Any CPU
		{74ADC6D4-1EE7-4765-BEC4-FD71658DB87A}.Release|Any CPU.ActiveCfg = Release|Any CPU
		{74ADC6D4-1EE7-4765-BEC4-FD71658DB87A}.Release|Any CPU.Build.0 = Release|Any CPU
		{BE37DFD9-F5FD-49C4-9557-B8F3B9789145}.Debug|Any CPU.ActiveCfg = Debug|Any CPU
		{BE37DFD9-F5FD-49C4-9557-B8F3B9789145}.Debug|Any CPU.Build.0 = Debug|Any CPU
		{BE37DFD9-F5FD-49C4-9557-B8F3B9789145}.Release|Any CPU.ActiveCfg = Release|Any CPU
		{BE37DFD9-F5FD-49C4-9557-B8F3B9789145}.Release|Any CPU.Build.0 = Release|Any CPU
		{CE4C4991-68BB-4379-934D-40D9E4A1D457}.Debug|Any CPU.ActiveCfg = Debug|Any CPU
		{CE4C4991-68BB-4379-934D-40D9E4A1D457}.Debug|Any CPU.Build.0 = Debug|Any CPU
		{CE4C4991-68BB-4379-934D-40D9E4A1D457}.Release|Any CPU.ActiveCfg = Release|Any CPU
		{CE4C4991-68BB-4379-934D-40D9E4A1D457}.Release|Any CPU.Build.0 = Release|Any CPU
		{9F50F55D-8C72-4C9A-8072-D8E8734D5335}.Debug|Any CPU.ActiveCfg = Debug|Any CPU
		{9F50F55D-8C72-4C9A-8072-D8E8734D5335}.Debug|Any CPU.Build.0 = Debug|Any CPU
		{9F50F55D-8C72-4C9A-8072-D8E8734D5335}.Release|Any CPU.ActiveCfg = Release|Any CPU
		{9F50F55D-8C72-4C9A-8072-D8E8734D5335}.Release|Any CPU.Build.0 = Release|Any CPU
		{8E168902-E955-4616-AA78-5D131E5950BE}.Debug|Any CPU.ActiveCfg = Debug|Any CPU
		{8E168902-E955-4616-AA78-5D131E5950BE}.Debug|Any CPU.Build.0 = Debug|Any CPU
		{8E168902-E955-4616-AA78-5D131E5950BE}.Release|Any CPU.ActiveCfg = Release|Any CPU
		{8E168902-E955-4616-AA78-5D131E5950BE}.Release|Any CPU.Build.0 = Release|Any CPU
		{D3E62124-03E7-484F-A7AF-205CCD566D01}.Debug|Any CPU.ActiveCfg = Debug|Any CPU
		{D3E62124-03E7-484F-A7AF-205CCD566D01}.Debug|Any CPU.Build.0 = Debug|Any CPU
		{D3E62124-03E7-484F-A7AF-205CCD566D01}.Release|Any CPU.ActiveCfg = Release|Any CPU
		{D3E62124-03E7-484F-A7AF-205CCD566D01}.Release|Any CPU.Build.0 = Release|Any CPU
		{9A08BC1A-BD52-49B8-8074-A6E8F3B82CD3}.Debug|Any CPU.ActiveCfg = Debug|Any CPU
		{9A08BC1A-BD52-49B8-8074-A6E8F3B82CD3}.Debug|Any CPU.Build.0 = Debug|Any CPU
		{9A08BC1A-BD52-49B8-8074-A6E8F3B82CD3}.Release|Any CPU.ActiveCfg = Release|Any CPU
		{9A08BC1A-BD52-49B8-8074-A6E8F3B82CD3}.Release|Any CPU.Build.0 = Release|Any CPU
	EndGlobalSection
EndGlobal
